// !$*UTF8*$!
{
	archiveVersion = 1;
	classes = {
	};
	objectVersion = 46;
	objects = {

/* Begin PBXBuildFile section */
		29B0A51D1F47AC1B00647583 /* AppDelegate.swift in Sources */ = {isa = PBXBuildFile; fileRef = 29B0A51C1F47AC1B00647583 /* AppDelegate.swift */; };
		29B0A51F1F47AC1B00647583 /* ViewController.swift in Sources */ = {isa = PBXBuildFile; fileRef = 29B0A51E1F47AC1B00647583 /* ViewController.swift */; };
		29B0A5221F47AC1B00647583 /* Main.storyboard in Resources */ = {isa = PBXBuildFile; fileRef = 29B0A5201F47AC1B00647583 /* Main.storyboard */; };
		29B0A5241F47AC1B00647583 /* Assets.xcassets in Resources */ = {isa = PBXBuildFile; fileRef = 29B0A5231F47AC1B00647583 /* Assets.xcassets */; };
		29B0A5271F47AC1B00647583 /* LaunchScreen.storyboard in Resources */ = {isa = PBXBuildFile; fileRef = 29B0A5251F47AC1B00647583 /* LaunchScreen.storyboard */; };
/* End PBXBuildFile section */

/* Begin PBXFileReference section */
		29B0A5191F47AC1B00647583 /* CrashExample.app */ = {isa = PBXFileReference; explicitFileType = wrapper.application; includeInIndex = 0; path = CrashExample.app; sourceTree = BUILT_PRODUCTS_DIR; };
		29B0A51C1F47AC1B00647583 /* AppDelegate.swift */ = {isa = PBXFileReference; lastKnownFileType = sourcecode.swift; path = AppDelegate.swift; sourceTree = "<group>"; };
		29B0A51E1F47AC1B00647583 /* ViewController.swift */ = {isa = PBXFileReference; lastKnownFileType = sourcecode.swift; path = ViewController.swift; sourceTree = "<group>"; };
		29B0A5211F47AC1B00647583 /* Base */ = {isa = PBXFileReference; lastKnownFileType = file.storyboard; name = Base; path = Base.lproj/Main.storyboard; sourceTree = "<group>"; };
		29B0A5231F47AC1B00647583 /* Assets.xcassets */ = {isa = PBXFileReference; lastKnownFileType = folder.assetcatalog; path = Assets.xcassets; sourceTree = "<group>"; };
		29B0A5261F47AC1B00647583 /* Base */ = {isa = PBXFileReference; lastKnownFileType = file.storyboard; name = Base; path = Base.lproj/LaunchScreen.storyboard; sourceTree = "<group>"; };
		29B0A5281F47AC1B00647583 /* Info.plist */ = {isa = PBXFileReference; lastKnownFileType = text.plist.xml; path = Info.plist; sourceTree = "<group>"; };
/* End PBXFileReference section */

/* Begin PBXFrameworksBuildPhase section */
		29B0A5161F47AC1B00647583 /* Frameworks */ = {
			isa = PBXFrameworksBuildPhase;
			buildActionMask = 2147483647;
			files = (
			);
			runOnlyForDeploymentPostprocessing = 0;
		};
/* End PBXFrameworksBuildPhase section */

/* Begin PBXGroup section */
		29B0A5101F47AC1B00647583 = {
			isa = PBXGroup;
			children = (
				29B0A51B1F47AC1B00647583 /* CrashExample */,
				29B0A51A1F47AC1B00647583 /* Products */,
			);
			sourceTree = "<group>";
		};
		29B0A51A1F47AC1B00647583 /* Products */ = {
			isa = PBXGroup;
			children = (
				29B0A5191F47AC1B00647583 /* CrashExample.app */,
			);
			name = Products;
			sourceTree = "<group>";
		};
		29B0A51B1F47AC1B00647583 /* CrashExample */ = {
			isa = PBXGroup;
			children = (
				29B0A51C1F47AC1B00647583 /* AppDelegate.swift */,
				29B0A51E1F47AC1B00647583 /* ViewController.swift */,
				29B0A5201F47AC1B00647583 /* Main.storyboard */,
				29B0A5231F47AC1B00647583 /* Assets.xcassets */,
				29B0A5251F47AC1B00647583 /* LaunchScreen.storyboard */,
				29B0A5281F47AC1B00647583 /* Info.plist */,
			);
			path = CrashExample;
			sourceTree = "<group>";
		};
/* End PBXGroup section */

/* Begin PBXNativeTarget section */
		29B0A5181F47AC1B00647583 /* CrashExample */ = {
			isa = PBXNativeTarget;
			buildConfigurationList = 29B0A52B1F47AC1B00647583 /* Build configuration list for PBXNativeTarget "CrashExample" */;
			buildPhases = (
				29B0A5151F47AC1B00647583 /* Sources */,
				29B0A5161F47AC1B00647583 /* Frameworks */,
				29B0A5171F47AC1B00647583 /* Resources */,
			);
			buildRules = (
			);
			dependencies = (
			);
			name = CrashExample;
			productName = CrashExample;
			productReference = 29B0A5191F47AC1B00647583 /* CrashExample.app */;
			productType = "com.apple.product-type.application";
		};
/* End PBXNativeTarget section */

/* Begin PBXProject section */
		29B0A5111F47AC1B00647583 /* Project object */ = {
			isa = PBXProject;
			attributes = {
				LastSwiftUpdateCheck = 0830;
				LastUpgradeCheck = 0830;
				ORGANIZATIONNAME = "Anthony Dito";
				TargetAttributes = {
					29B0A5181F47AC1B00647583 = {
						CreatedOnToolsVersion = 8.3.3;
						DevelopmentTeam = 6N79AU6QFN;
						ProvisioningStyle = Automatic;
					};
				};
			};
			buildConfigurationList = 29B0A5141F47AC1B00647583 /* Build configuration list for PBXProject "CrashExample" */;
			compatibilityVersion = "Xcode 3.2";
			developmentRegion = English;
			hasScannedForEncodings = 0;
			knownRegions = (
				en,
				Base,
			);
			mainGroup = 29B0A5101F47AC1B00647583;
			productRefGroup = 29B0A51A1F47AC1B00647583 /* Products */;
			projectDirPath = "";
			projectRoot = "";
			targets = (
				29B0A5181F47AC1B00647583 /* CrashExample */,
			);
		};
/* End PBXProject section */

/* Begin PBXResourcesBuildPhase section */
		29B0A5171F47AC1B00647583 /* Resources */ = {
			isa = PBXResourcesBuildPhase;
			buildActionMask = 2147483647;
			files = (
				29B0A5271F47AC1B00647583 /* LaunchScreen.storyboard in Resources */,
				29B0A5241F47AC1B00647583 /* Assets.xcassets in Resources */,
				29B0A5221F47AC1B00647583 /* Main.storyboard in Resources */,
			);
			runOnlyForDeploymentPostprocessing = 0;
		};
/* End PBXResourcesBuildPhase section */

/* Begin PBXSourcesBuildPhase section */
		29B0A5151F47AC1B00647583 /* Sources */ = {
			isa = PBXSourcesBuildPhase;
			buildActionMask = 2147483647;
			files = (
				29B0A51F1F47AC1B00647583 /* ViewController.swift in Sources */,
				29B0A51D1F47AC1B00647583 /* AppDelegate.swift in Sources */,
			);
			runOnlyForDeploymentPostprocessing = 0;
		};
/* End PBXSourcesBuildPhase section */

/* Begin PBXVariantGroup section */
		29B0A5201F47AC1B00647583 /* Main.storyboard */ = {
			isa = PBXVariantGroup;
			children = (
				29B0A5211F47AC1B00647583 /* Base */,
			);
			name = Main.storyboard;
			sourceTree = "<group>";
		};
		29B0A5251F47AC1B00647583 /* LaunchScreen.storyboard */ = {
			isa = PBXVariantGroup;
			children = (
				29B0A5261F47AC1B00647583 /* Base */,
			);
			name = LaunchScreen.storyboard;
			sourceTree = "<group>";
		};
/* End PBXVariantGroup section */

/* Begin XCBuildConfiguration section */
		29B0A5291F47AC1B00647583 /* Debug */ = {
			isa = XCBuildConfiguration;
			buildSettings = {
				ALWAYS_SEARCH_USER_PATHS = NO;
				CLANG_ANALYZER_NONNULL = YES;
				CLANG_ANALYZER_NUMBER_OBJECT_CONVERSION = YES_AGGRESSIVE;
				CLANG_CXX_LANGUAGE_STANDARD = "gnu++0x";
				CLANG_CXX_LIBRARY = "libc++";
				CLANG_ENABLE_MODULES = YES;
				CLANG_ENABLE_OBJC_ARC = YES;
				CLANG_WARN_BOOL_CONVERSION = YES;
				CLANG_WARN_CONSTANT_CONVERSION = YES;
				CLANG_WARN_DIRECT_OBJC_ISA_USAGE = YES_ERROR;
				CLANG_WARN_DOCUMENTATION_COMMENTS = YES;
				CLANG_WARN_EMPTY_BODY = YES;
				CLANG_WARN_ENUM_CONVERSION = YES;
				CLANG_WARN_INFINITE_RECURSION = YES;
				CLANG_WARN_INT_CONVERSION = YES;
				CLANG_WARN_OBJC_ROOT_CLASS = YES_ERROR;
				CLANG_WARN_SUSPICIOUS_MOVE = YES;
				CLANG_WARN_UNREACHABLE_CODE = YES;
				CLANG_WARN__DUPLICATE_METHOD_MATCH = YES;
				"CODE_SIGN_IDENTITY[sdk=iphoneos*]" = "iPhone Developer";
				COPY_PHASE_STRIP = NO;
				DEBUG_INFORMATION_FORMAT = dwarf;
				ENABLE_STRICT_OBJC_MSGSEND = YES;
				ENABLE_TESTABILITY = YES;
				GCC_C_LANGUAGE_STANDARD = gnu99;
				GCC_DYNAMIC_NO_PIC = NO;
				GCC_NO_COMMON_BLOCKS = YES;
				GCC_OPTIMIZATION_LEVEL = 0;
				GCC_PREPROCESSOR_DEFINITIONS = (
					"DEBUG=1",
					"$(inherited)",
				);
				GCC_WARN_64_TO_32_BIT_CONVERSION = YES;
				GCC_WARN_ABOUT_RETURN_TYPE = YES_ERROR;
				GCC_WARN_UNDECLARED_SELECTOR = YES;
				GCC_WARN_UNINITIALIZED_AUTOS = YES_AGGRESSIVE;
				GCC_WARN_UNUSED_FUNCTION = YES;
				GCC_WARN_UNUSED_VARIABLE = YES;
				IPHONEOS_DEPLOYMENT_TARGET = 10.3;
				MTL_ENABLE_DEBUG_INFO = YES;
				ONLY_ACTIVE_ARCH = YES;
				SDKROOT = iphoneos;
				SWIFT_ACTIVE_COMPILATION_CONDITIONS = DEBUG;
				SWIFT_OPTIMIZATION_LEVEL = "-Onone";
				TARGETED_DEVICE_FAMILY = "1,2";
			};
			name = Debug;
		};
		29B0A52A1F47AC1B00647583 /* Release */ = {
			isa = XCBuildConfiguration;
			buildSettings = {
				ALWAYS_SEARCH_USER_PATHS = NO;
				CLANG_ANALYZER_NONNULL = YES;
				CLANG_ANALYZER_NUMBER_OBJECT_CONVERSION = YES_AGGRESSIVE;
				CLANG_CXX_LANGUAGE_STANDARD = "gnu++0x";
				CLANG_CXX_LIBRARY = "libc++";
				CLANG_ENABLE_MODULES = YES;
				CLANG_ENABLE_OBJC_ARC = YES;
				CLANG_WARN_BOOL_CONVERSION = YES;
				CLANG_WARN_CONSTANT_CONVERSION = YES;
				CLANG_WARN_DIRECT_OBJC_ISA_USAGE = YES_ERROR;
				CLANG_WARN_DOCUMENTATION_COMMENTS = YES;
				CLANG_WARN_EMPTY_BODY = YES;
				CLANG_WARN_ENUM_CONVERSION = YES;
				CLANG_WARN_INFINITE_RECURSION = YES;
				CLANG_WARN_INT_CONVERSION = YES;
				CLANG_WARN_OBJC_ROOT_CLASS = YES_ERROR;
				CLANG_WARN_SUSPICIOUS_MOVE = YES;
				CLANG_WARN_UNREACHABLE_CODE = YES;
				CLANG_WARN__DUPLICATE_METHOD_MATCH = YES;
				"CODE_SIGN_IDENTITY[sdk=iphoneos*]" = "iPhone Developer";
				COPY_PHASE_STRIP = NO;
				DEBUG_INFORMATION_FORMAT = "dwarf-with-dsym";
				ENABLE_NS_ASSERTIONS = NO;
				ENABLE_STRICT_OBJC_MSGSEND = YES;
				GCC_C_LANGUAGE_STANDARD = gnu99;
				GCC_NO_COMMON_BLOCKS = YES;
				GCC_WARN_64_TO_32_BIT_CONVERSION = YES;
				GCC_WARN_ABOUT_RETURN_TYPE = YES_ERROR;
				GCC_WARN_UNDECLARED_SELECTOR = YES;
				GCC_WARN_UNINITIALIZED_AUTOS = YES_AGGRESSIVE;
				GCC_WARN_UNUSED_FUNCTION = YES;
				GCC_WARN_UNUSED_VARIABLE = YES;
				IPHONEOS_DEPLOYMENT_TARGET = 10.3;
				MTL_ENABLE_DEBUG_INFO = NO;
				SDKROOT = iphoneos;
				SWIFT_OPTIMIZATION_LEVEL = "-Owholemodule";
				TARGETED_DEVICE_FAMILY = "1,2";
				VALIDATE_PRODUCT = YES;
			};
			name = Release;
		};
		29B0A52C1F47AC1B00647583 /* Debug */ = {
			isa = XCBuildConfiguration;
			buildSettings = {
				ASSETCATALOG_COMPILER_APPICON_NAME = AppIcon;
				DEVELOPMENT_TEAM = 6N79AU6QFN;
				INFOPLIST_FILE = CrashExample/Info.plist;
				LD_RUNPATH_SEARCH_PATHS = "$(inherited) @executable_path/Frameworks";
				PRODUCT_BUNDLE_IDENTIFIER = com.anthonydito.CrashExample;
				PRODUCT_NAME = "$(TARGET_NAME)";
				SWIFT_VERSION = 3.0;
			};
			name = Debug;
		};
		29B0A52D1F47AC1B00647583 /* Release */ = {
			isa = XCBuildConfiguration;
			buildSettings = {
				ASSETCATALOG_COMPILER_APPICON_NAME = AppIcon;
				DEVELOPMENT_TEAM = 6N79AU6QFN;
				INFOPLIST_FILE = CrashExample/Info.plist;
				LD_RUNPATH_SEARCH_PATHS = "$(inherited) @executable_path/Frameworks";
				PRODUCT_BUNDLE_IDENTIFIER = com.anthonydito.CrashExample;
				PRODUCT_NAME = "$(TARGET_NAME)";
				SWIFT_VERSION = 3.0;
			};
			name = Release;
		};
/* End XCBuildConfiguration section */

/* Begin XCConfigurationList section */
		29B0A5141F47AC1B00647583 /* Build configuration list for PBXProject "CrashExample" */ = {
			isa = XCConfigurationList;
			buildConfigurations = (
				29B0A5291F47AC1B00647583 /* Debug */,
				29B0A52A1F47AC1B00647583 /* Release */,
			);
			defaultConfigurationIsVisible = 0;
			defaultConfigurationName = Release;
		};
		29B0A52B1F47AC1B00647583 /* Build configuration list for PBXNativeTarget "CrashExample" */ = {
			isa = XCConfigurationList;
			buildConfigurations = (
				29B0A52C1F47AC1B00647583 /* Debug */,
				29B0A52D1F47AC1B00647583 /* Release */,
			);
			defaultConfigurationIsVisible = 0;
		};
/* End XCConfigurationList section */
	};
	rootObject = 29B0A5111F47AC1B00647583 /* Project object */;
}
